
Microsoft Visual Studio Solution File, Format Version 12.00
# Visual Studio Version 16
VisualStudioVersion = 16.0.29230.47
MinimumVisualStudioVersion = 10.0.40219.1
Project("{FAE04EC0-301F-11D3-BF4B-00C04F79EFBC}") = "ChocolateBoxesLinhH", "ChocolateBoxesLinhH\ChocolateBoxesLinhH.csproj", "{6BFA62A0-749D-4011-9E30-E6363C96C985}"
EndProject
Global
	GlobalSection(SolutionConfigurationPlatforms) = preSolution
		Debug|Any CPU = Debug|Any CPU
		Release|Any CPU = Release|Any CPU
	EndGlobalSection
	GlobalSection(ProjectConfigurationPlatforms) = postSolution
		{6BFA62A0-749D-4011-9E30-E6363C96C985}.Debug|Any CPU.ActiveCfg = Debug|Any CPU
		{6BFA62A0-749D-4011-9E30-E6363C96C985}.Debug|Any CPU.Build.0 = Debug|Any CPU
		{6BFA62A0-749D-4011-9E30-E6363C96C985}.Release|Any CPU.ActiveCfg = Release|Any CPU
		{6BFA62A0-749D-4011-9E30-E6363C96C985}.Release|Any CPU.Build.0 = Release|Any CPU
	EndGlobalSection
	GlobalSection(SolutionProperties) = preSolution
		HideSolutionNode = FALSE
	EndGlobalSection
	GlobalSection(ExtensibilityGlobals) = postSolution
		SolutionGuid = {BEBEE07D-F7C2-44A8-801F-EB75560AFC91}
	EndGlobalSection
EndGlobal
